
Microsoft Visual Studio Solution File, Format Version 12.00
# Visual Studio 14
VisualStudioVersion = 14.0.25420.1
MinimumVisualStudioVersion = 10.0.40219.1
Project("{FAE04EC0-301F-11D3-BF4B-00C04F79EFBC}") = "CIandCD", "CIandCD\CIandCD.csproj", "{76976937-B3DE-4B16-83BC-BEA4CA132AE7}"
EndProject
Project("{FAE04EC0-301F-11D3-BF4B-00C04F79EFBC}") = "CIandCD.Tests", "CIandCD.Tests\CIandCD.Tests.csproj", "{7250668C-012F-4ED6-95A6-E6CAAD382F36}"
EndProject
Global
	GlobalSection(SolutionConfigurationPlatforms) = preSolution
		Debug|Any CPU = Debug|Any CPU
		Release|Any CPU = Release|Any CPU
	EndGlobalSection
	GlobalSection(ProjectConfigurationPlatforms) = postSolution
		{76976937-B3DE-4B16-83BC-BEA4CA132AE7}.Debug|Any CPU.ActiveCfg = Debug|Any CPU
		{76976937-B3DE-4B16-83BC-BEA4CA132AE7}.Debug|Any CPU.Build.0 = Debug|Any CPU
		{76976937-B3DE-4B16-83BC-BEA4CA132AE7}.Release|Any CPU.ActiveCfg = Release|Any CPU
		{76976937-B3DE-4B16-83BC-BEA4CA132AE7}.Release|Any CPU.Build.0 = Release|Any CPU
		{7250668C-012F-4ED6-95A6-E6CAAD382F36}.Debug|Any CPU.ActiveCfg = Debug|Any CPU
		{7250668C-012F-4ED6-95A6-E6CAAD382F36}.Debug|Any CPU.Build.0 = Debug|Any CPU
		{7250668C-012F-4ED6-95A6-E6CAAD382F36}.Release|Any CPU.ActiveCfg = Release|Any CPU
		{7250668C-012F-4ED6-95A6-E6CAAD382F36}.Release|Any CPU.Build.0 = Release|Any CPU
	EndGlobalSection
	GlobalSection(SolutionProperties) = preSolution
		HideSolutionNode = FALSE
	EndGlobalSection
EndGlobal
